
Microsoft Visual Studio Solution File, Format Version 12.00
# Visual Studio Version 17
VisualStudioVersion = 17.14.36408.4 d17.14
MinimumVisualStudioVersion = 10.0.40219.1
Project("{FAE04EC0-301F-11D3-BF4B-00C04F79EFBC}") = "PubliiTool", "PubliiTool\PubliiTool.csproj", "{3EF16CD5-056C-42D3-8B74-0AC2366FA075}"
EndProject
Global
	GlobalSection(SolutionConfigurationPlatforms) = preSolution
		Debug|Any CPU = Debug|Any CPU
		Release|Any CPU = Release|Any CPU
	EndGlobalSection
	GlobalSection(ProjectConfigurationPlatforms) = postSolution
		{3EF16CD5-056C-42D3-8B74-0AC2366FA075}.Debug|Any CPU.ActiveCfg = Debug|Any CPU
		{3EF16CD5-056C-42D3-8B74-0AC2366FA075}.Debug|Any CPU.Build.0 = Debug|Any CPU
		{3EF16CD5-056C-42D3-8B74-0AC2366FA075}.Release|Any CPU.ActiveCfg = Release|Any CPU
		{3EF16CD5-056C-42D3-8B74-0AC2366FA075}.Release|Any CPU.Build.0 = Release|Any CPU
	EndGlobalSection
	GlobalSection(SolutionProperties) = preSolution
		HideSolutionNode = FALSE
	EndGlobalSection
	GlobalSection(ExtensibilityGlobals) = postSolution
		SolutionGuid = {87F32342-B846-4F53-8573-CCB833AFAA11}
	EndGlobalSection
EndGlobal
